
Microsoft Visual Studio Solution File, Format Version 12.00
# Visual Studio Version 17
VisualStudioVersion = 17.5.002.0
MinimumVisualStudioVersion = 10.0.40219.1
Project("{9A19103F-16F7-4668-BE54-9A1E7A4F7556}") = "TrumpVersApi", "TrumpVersApi.csproj", "{296DAD25-D404-4ED2-8B3A-496E12D9B5ED}"
EndProject
Global
	GlobalSection(SolutionConfigurationPlatforms) = preSolution
		Debug|Any CPU = Debug|Any CPU
		Release|Any CPU = Release|Any CPU
	EndGlobalSection
	GlobalSection(ProjectConfigurationPlatforms) = postSolution
		{296DAD25-D404-4ED2-8B3A-496E12D9B5ED}.Debug|Any CPU.ActiveCfg = Debug|Any CPU
		{296DAD25-D404-4ED2-8B3A-496E12D9B5ED}.Debug|Any CPU.Build.0 = Debug|Any CPU
		{296DAD25-D404-4ED2-8B3A-496E12D9B5ED}.Release|Any CPU.ActiveCfg = Release|Any CPU
		{296DAD25-D404-4ED2-8B3A-496E12D9B5ED}.Release|Any CPU.Build.0 = Release|Any CPU
	EndGlobalSection
	GlobalSection(SolutionProperties) = preSolution
		HideSolutionNode = FALSE
	EndGlobalSection
	GlobalSection(ExtensibilityGlobals) = postSolution
		SolutionGuid = {CD11EFBF-1DFB-4FC0-ADC7-C26DE2F44A7C}
	EndGlobalSection
EndGlobal
